{
  "name": "zmjs",
  "version": "1.0.0",
  "lockfileVersion": 3,
  "requires": true,
  "packages": {
    "": {
      "name": "zmjs",
      "version": "1.0.0",
      "license": "MIT",
      "dependencies": {
        "@abaplint/cli": "^2.120.4",
        "@abaplint/runtime": "^2.13.42",
        "@abaplint/transpiler-cli": "^2.13.42"
      }
    },
    "node_modules/@abaplint/cli": {
      "version": "2.120.4",
      "resolved": "https://registry.npmjs.org/@abaplint/cli/-/cli-2.120.4.tgz",
      "integrity": "sha512-tE1wRYTXC5q2aA7C1aB+XjQueqNN/7TmP7QcOaYFtubI+xsHkL6dcumu3/hTqApfdYwI265j9SRQeX38nbv+ZQ==",
      "license": "MIT",
      "bin": {
        "abaplint": "abaplint"
      },
      "engines": {
        "node": ">=18.0.0"
      },
      "funding": {
        "url": "https://github.com/sponsors/larshp"
      }
    },
    "node_modules/@abaplint/runtime": {
      "version": "2.13.42",
      "resolved": "https://registry.npmjs.org/@abaplint/runtime/-/runtime-2.13.42.tgz",
      "integrity": "sha512-jtnTzTh+xL8o8D8nwLk0f54iv3NBYQhACZBAGBw6z8Hf5hiIU0+xytPQCyqjmTVpXIkmGoRkxX5pQYHbsdWqqg==",
      "license": "MIT",
      "dependencies": {
        "temporal-polyfill": "^0.3.2"
      },
      "funding": {
        "url": "https://github.com/sponsors/larshp"
      }
    },
    "node_modules/@abaplint/transpiler-cli": {
      "version": "2.13.42",
      "resolved": "https://registry.npmjs.org/@abaplint/transpiler-cli/-/transpiler-cli-2.13.42.tgz",
      "integrity": "sha512-wfdXJWBnnzxQ7maQ7Zh4nZqbZZKz5O4K/A9G5R3dQKJL3ynwZMxmsUgULAzT2ePrIf27quA3HrYcC4RqRc3ERA==",
      "license": "MIT",
      "bin": {
        "abap_transpile": "abap_transpile"
      },
      "funding": {
        "url": "https://github.com/sponsors/larshp"
      }
    },
    "node_modules/temporal-polyfill": {
      "version": "0.3.2",
      "resolved": "https://registry.npmjs.org/temporal-polyfill/-/temporal-polyfill-0.3.2.tgz",
      "integrity": "sha512-TzHthD/heRK947GNiSu3Y5gSPpeUDH34+LESnfsq8bqpFhsB79HFBX8+Z834IVX68P3EUyRPZK5bL/1fh437Eg==",
      "license": "MIT",
      "dependencies": {
        "temporal-spec": "0.3.1"
      }
    },
    "node_modules/temporal-spec": {
      "version": "0.3.1",
      "resolved": "https://registry.npmjs.org/temporal-spec/-/temporal-spec-0.3.1.tgz",
      "integrity": "sha512-B4TUhezh9knfSIMwt7RVggApDRJZo73uZdj8AacL2mZ8RP5KtLianh2MXxL06GN9ESYiIsiuoLQhgVfwe55Yhw==",
      "license": "ISC"
    }
  }
}
