{
  "name": "zmjs",
  "version": "1.0.0",
  "lockfileVersion": 3,
  "requires": true,
  "packages": {
    "": {
      "name": "zmjs",
      "version": "1.0.0",
      "license": "MIT",
      "dependencies": {
        "@abaplint/cli": "^2.118.7",
        "@abaplint/runtime": "^2.13.3",
        "@abaplint/transpiler-cli": "^2.13.3"
      }
    },
    "node_modules/@abaplint/cli": {
      "version": "2.118.7",
      "resolved": "https://registry.npmjs.org/@abaplint/cli/-/cli-2.118.7.tgz",
      "integrity": "sha512-ZSiAQDM2GxGZFXaNUfE8IgAII9ltwuxGb0bK4tBWTq60QDCHsJs/d2qy7aNpwSE4uT1M/E7o0LzFer2C0Evc1g==",
      "license": "MIT",
      "bin": {
        "abaplint": "abaplint"
      },
      "engines": {
        "node": ">=18.0.0"
      },
      "funding": {
        "url": "https://github.com/sponsors/larshp"
      }
    },
    "node_modules/@abaplint/runtime": {
      "version": "2.13.3",
      "resolved": "https://registry.npmjs.org/@abaplint/runtime/-/runtime-2.13.3.tgz",
      "integrity": "sha512-kMDYFg98CzwKXbxETvYhnsvNJQpUtiX9EkqMpSMPKnrr0LMIs9ABzIHzIH8RDCA7s/8MH08vpzBIZaPmZXpwng==",
      "license": "MIT",
      "dependencies": {
        "temporal-polyfill": "^0.3.2"
      },
      "funding": {
        "url": "https://github.com/sponsors/larshp"
      }
    },
    "node_modules/@abaplint/transpiler-cli": {
      "version": "2.13.3",
      "resolved": "https://registry.npmjs.org/@abaplint/transpiler-cli/-/transpiler-cli-2.13.3.tgz",
      "integrity": "sha512-JqByDhwCb+6qtkUubxGd3PzhTOdqJ33FAdPIurF2pPUnkaQbTtdZpPvhbxGD49x/jNRgOzGB34/VzpDtk10Wxw==",
      "license": "MIT",
      "bin": {
        "abap_transpile": "abap_transpile"
      },
      "funding": {
        "url": "https://github.com/sponsors/larshp"
      }
    },
    "node_modules/temporal-polyfill": {
      "version": "0.3.2",
      "resolved": "https://registry.npmjs.org/temporal-polyfill/-/temporal-polyfill-0.3.2.tgz",
      "integrity": "sha512-TzHthD/heRK947GNiSu3Y5gSPpeUDH34+LESnfsq8bqpFhsB79HFBX8+Z834IVX68P3EUyRPZK5bL/1fh437Eg==",
      "license": "MIT",
      "dependencies": {
        "temporal-spec": "0.3.1"
      }
    },
    "node_modules/temporal-spec": {
      "version": "0.3.1",
      "resolved": "https://registry.npmjs.org/temporal-spec/-/temporal-spec-0.3.1.tgz",
      "integrity": "sha512-B4TUhezh9knfSIMwt7RVggApDRJZo73uZdj8AacL2mZ8RP5KtLianh2MXxL06GN9ESYiIsiuoLQhgVfwe55Yhw==",
      "license": "ISC"
    }
  }
}
