{
  "name": "zmjs",
  "version": "1.0.0",
  "lockfileVersion": 3,
  "requires": true,
  "packages": {
    "": {
      "name": "zmjs",
      "version": "1.0.0",
      "license": "MIT",
      "dependencies": {
        "@abaplint/cli": "^2.118.7",
        "@abaplint/transpiler": "^2.13.3",
        "@abaplint/transpiler-cli": "^2.13.3"
      }
    },
    "node_modules/@abaplint/cli": {
      "version": "2.118.7",
      "resolved": "https://registry.npmjs.org/@abaplint/cli/-/cli-2.118.7.tgz",
      "integrity": "sha512-ZSiAQDM2GxGZFXaNUfE8IgAII9ltwuxGb0bK4tBWTq60QDCHsJs/d2qy7aNpwSE4uT1M/E7o0LzFer2C0Evc1g==",
      "license": "MIT",
      "bin": {
        "abaplint": "abaplint"
      },
      "engines": {
        "node": ">=18.0.0"
      },
      "funding": {
        "url": "https://github.com/sponsors/larshp"
      }
    },
    "node_modules/@abaplint/core": {
      "version": "2.118.7",
      "resolved": "https://registry.npmjs.org/@abaplint/core/-/core-2.118.7.tgz",
      "integrity": "sha512-Vqc4pDJo6aBJlv3ZjoH1PMnCfYFNR8ONpEdyddRDQd24R9pFNPGoD3WqC2nDJ7CN1nGy78AzsOw9AVqqfFGBEA==",
      "license": "MIT",
      "dependencies": {
        "fast-xml-parser": "^5.5.9",
        "json5": "^2.2.3",
        "vscode-languageserver-types": "^3.17.5"
      },
      "engines": {
        "node": ">=18.0.0"
      },
      "funding": {
        "url": "https://github.com/sponsors/larshp"
      }
    },
    "node_modules/@abaplint/transpiler": {
      "version": "2.13.3",
      "resolved": "https://registry.npmjs.org/@abaplint/transpiler/-/transpiler-2.13.3.tgz",
      "integrity": "sha512-ZY75uZ13QWxZhx1HTzbuvh3FpLSQ2D5I7zI38yyZAAEqORN/hcA8OdwXxkhgIOmY4Ca6ech+Jv26fJ5WwEX0/A==",
      "license": "MIT",
      "dependencies": {
        "@abaplint/core": "^2.118.7",
        "source-map": "^0.7.6"
      },
      "funding": {
        "url": "https://github.com/sponsors/larshp"
      }
    },
    "node_modules/@abaplint/transpiler-cli": {
      "version": "2.13.3",
      "resolved": "https://registry.npmjs.org/@abaplint/transpiler-cli/-/transpiler-cli-2.13.3.tgz",
      "integrity": "sha512-JqByDhwCb+6qtkUubxGd3PzhTOdqJ33FAdPIurF2pPUnkaQbTtdZpPvhbxGD49x/jNRgOzGB34/VzpDtk10Wxw==",
      "license": "MIT",
      "bin": {
        "abap_transpile": "abap_transpile"
      },
      "funding": {
        "url": "https://github.com/sponsors/larshp"
      }
    },
    "node_modules/fast-xml-builder": {
      "version": "1.1.4",
      "resolved": "https://registry.npmjs.org/fast-xml-builder/-/fast-xml-builder-1.1.4.tgz",
      "integrity": "sha512-f2jhpN4Eccy0/Uz9csxh3Nu6q4ErKxf0XIsasomfOihuSUa3/xw6w8dnOtCDgEItQFJG8KyXPzQXzcODDrrbOg==",
      "funding": [
        {
          "type": "github",
          "url": "https://github.com/sponsors/NaturalIntelligence"
        }
      ],
      "license": "MIT",
      "dependencies": {
        "path-expression-matcher": "^1.1.3"
      }
    },
    "node_modules/fast-xml-parser": {
      "version": "5.5.9",
      "resolved": "https://registry.npmjs.org/fast-xml-parser/-/fast-xml-parser-5.5.9.tgz",
      "integrity": "sha512-jldvxr1MC6rtiZKgrFnDSvT8xuH+eJqxqOBThUVjYrxssYTo1avZLGql5l0a0BAERR01CadYzZ83kVEkbyDg+g==",
      "funding": [
        {
          "type": "github",
          "url": "https://github.com/sponsors/NaturalIntelligence"
        }
      ],
      "license": "MIT",
      "dependencies": {
        "fast-xml-builder": "^1.1.4",
        "path-expression-matcher": "^1.2.0",
        "strnum": "^2.2.2"
      },
      "bin": {
        "fxparser": "src/cli/cli.js"
      }
    },
    "node_modules/json5": {
      "version": "2.2.3",
      "resolved": "https://registry.npmjs.org/json5/-/json5-2.2.3.tgz",
      "integrity": "sha512-XmOWe7eyHYH14cLdVPoyg+GOH3rYX++KpzrylJwSW98t3Nk+U8XOl8FWKOgwtzdb8lXGf6zYwDUzeHMWfxasyg==",
      "license": "MIT",
      "bin": {
        "json5": "lib/cli.js"
      },
      "engines": {
        "node": ">=6"
      }
    },
    "node_modules/path-expression-matcher": {
      "version": "1.2.0",
      "resolved": "https://registry.npmjs.org/path-expression-matcher/-/path-expression-matcher-1.2.0.tgz",
      "integrity": "sha512-DwmPWeFn+tq7TiyJ2CxezCAirXjFxvaiD03npak3cRjlP9+OjTmSy1EpIrEbh+l6JgUundniloMLDQ/6VTdhLQ==",
      "funding": [
        {
          "type": "github",
          "url": "https://github.com/sponsors/NaturalIntelligence"
        }
      ],
      "license": "MIT",
      "engines": {
        "node": ">=14.0.0"
      }
    },
    "node_modules/source-map": {
      "version": "0.7.6",
      "resolved": "https://registry.npmjs.org/source-map/-/source-map-0.7.6.tgz",
      "integrity": "sha512-i5uvt8C3ikiWeNZSVZNWcfZPItFQOsYTUAOkcUPGd8DqDy1uOUikjt5dG+uRlwyvR108Fb9DOd4GvXfT0N2/uQ==",
      "license": "BSD-3-Clause",
      "engines": {
        "node": ">= 12"
      }
    },
    "node_modules/strnum": {
      "version": "2.2.2",
      "resolved": "https://registry.npmjs.org/strnum/-/strnum-2.2.2.tgz",
      "integrity": "sha512-DnR90I+jtXNSTXWdwrEy9FakW7UX+qUZg28gj5fk2vxxl7uS/3bpI4fjFYVmdK9etptYBPNkpahuQnEwhwECqA==",
      "funding": [
        {
          "type": "github",
          "url": "https://github.com/sponsors/NaturalIntelligence"
        }
      ],
      "license": "MIT"
    },
    "node_modules/vscode-languageserver-types": {
      "version": "3.17.5",
      "resolved": "https://registry.npmjs.org/vscode-languageserver-types/-/vscode-languageserver-types-3.17.5.tgz",
      "integrity": "sha512-Ld1VelNuX9pdF39h2Hgaeb5hEZM2Z3jUrrMgWQAu82jMtZp7p3vJT3BzToKtZI7NgQssZje5o0zryOrhQvzQAg==",
      "license": "MIT"
    }
  }
}
